# @generated by Move, please check-in and do not edit manually.

[move]
version = 3
manifest_digest = "501D8F86FF09DE828490B21091BAC18EB5F05CD9309DEBEC7E25669C42E6C274"
deps_digest = "060AD7E57DFB13104F21BE5F5C3759D03F0553FC3229247D9A7A6B45F50D03A3"
dependencies = [
  { id = "NttCommon", name = "NttCommon" },
  { id = "Sui", name = "Sui" },
  { id = "Wormhole", name = "Wormhole" },
]

[[move.package]]
id = "MoveStdlib"
source = { git = "https://github.com/MystenLabs/sui.git", rev = "framework/testnet", subdir = "crates/sui-framework/packages/move-stdlib" }

[[move.package]]
id = "NttCommon"
source = { local = "../ntt_common" }

dependencies = [
  { id = "Sui", name = "Sui" },
  { id = "Wormhole", name = "Wormhole" },
]

[[move.package]]
id = "Sui"
source = { git = "https://github.com/MystenLabs/sui.git", rev = "framework/testnet", subdir = "crates/sui-framework/packages/sui-framework" }

dependencies = [
  { id = "MoveStdlib", name = "MoveStdlib" },
]

[[move.package]]
id = "Wormhole"
source = { git = "https://github.com/wormholelabs-xyz/wormhole.git", rev = "sui/vaa-new-test-only", subdir = "sui/wormhole" }

dependencies = [
  { id = "Sui", name = "Sui" },
]

[move.toolchain-version]
compiler-version = "1.35.1"
edition = "2024.beta"
flavor = "sui"
